
Microsoft Visual Studio Solution File, Format Version 12.00
# Visual Studio Version 16
VisualStudioVersion = 16.0.29503.13
MinimumVisualStudioVersion = 10.0.40219.1
Project("{9A19103F-16F7-4668-BE54-9A1E7A4F7556}") = "MrsAgileWebSite", "MrsAgileWebSite\MrsAgileWebSite.csproj", "{3F4758E9-41B8-4A9D-AA20-47CAF321B6C7}"
EndProject
Global
	GlobalSection(SolutionConfigurationPlatforms) = preSolution
		Debug|Any CPU = Debug|Any CPU
		Release|Any CPU = Release|Any CPU
	EndGlobalSection
	GlobalSection(ProjectConfigurationPlatforms) = postSolution
		{3F4758E9-41B8-4A9D-AA20-47CAF321B6C7}.Debug|Any CPU.ActiveCfg = Debug|Any CPU
		{3F4758E9-41B8-4A9D-AA20-47CAF321B6C7}.Debug|Any CPU.Build.0 = Debug|Any CPU
		{3F4758E9-41B8-4A9D-AA20-47CAF321B6C7}.Release|Any CPU.ActiveCfg = Release|Any CPU
		{3F4758E9-41B8-4A9D-AA20-47CAF321B6C7}.Release|Any CPU.Build.0 = Release|Any CPU
	EndGlobalSection
	GlobalSection(SolutionProperties) = preSolution
		HideSolutionNode = FALSE
	EndGlobalSection
	GlobalSection(ExtensibilityGlobals) = postSolution
		SolutionGuid = {08D89840-B7DA-4D2B-AF35-86D4063295A2}
	EndGlobalSection
EndGlobal
